// !$*UTF8*$!
{
	archiveVersion = 1;
	classes = {
	};
	objectVersion = 48;
	objects = {

/* Begin PBXBuildFile section */
		C34A28D51FBEBE2C008A8719 /* AppDelegate.swift in Sources */ = {isa = PBXBuildFile; fileRef = C34A28D41FBEBE2C008A8719 /* AppDelegate.swift */; };
		C34A28D71FBEBE2C008A8719 /* ViewController.swift in Sources */ = {isa = PBXBuildFile; fileRef = C34A28D61FBEBE2C008A8719 /* ViewController.swift */; };
		C34A28DA1FBEBE2C008A8719 /* Main.storyboard in Resources */ = {isa = PBXBuildFile; fileRef = C34A28D81FBEBE2C008A8719 /* Main.storyboard */; };
		C34A28DD1FBEBE2C008A8719 /* Hotel_IOS_App__RALAT___V.xcdatamodeld in Sources */ = {isa = PBXBuildFile; fileRef = C34A28DB1FBEBE2C008A8719 /* Hotel_IOS_App__RALAT___V.xcdatamodeld */; };
		C34A28DF1FBEBE2C008A8719 /* Assets.xcassets in Resources */ = {isa = PBXBuildFile; fileRef = C34A28DE1FBEBE2C008A8719 /* Assets.xcassets */; };
		C34A28E21FBEBE2C008A8719 /* LaunchScreen.storyboard in Resources */ = {isa = PBXBuildFile; fileRef = C34A28E01FBEBE2C008A8719 /* LaunchScreen.storyboard */; };
		C34A28ED1FBEBE2C008A8719 /* Hotel_IOS_App__RALAT___VTests.swift in Sources */ = {isa = PBXBuildFile; fileRef = C34A28EC1FBEBE2C008A8719 /* Hotel_IOS_App__RALAT___VTests.swift */; };
		C34A28F81FBEBE2C008A8719 /* Hotel_IOS_App__RALAT___VUITests.swift in Sources */ = {isa = PBXBuildFile; fileRef = C34A28F71FBEBE2C008A8719 /* Hotel_IOS_App__RALAT___VUITests.swift */; };
		C34A29061FBEC386008A8719 /* hotelTableViewController.swift in Sources */ = {isa = PBXBuildFile; fileRef = C34A29051FBEC386008A8719 /* hotelTableViewController.swift */; };
		C34A29081FBEC394008A8719 /* hotelTableViewCell.swift in Sources */ = {isa = PBXBuildFile; fileRef = C34A29071FBEC394008A8719 /* hotelTableViewCell.swift */; };
		C34A290A1FBEC3B9008A8719 /* detailViewController.swift in Sources */ = {isa = PBXBuildFile; fileRef = C34A29091FBEC3B9008A8719 /* detailViewController.swift */; };
		C34A290C1FBEC3D4008A8719 /* inputdataViewController.swift in Sources */ = {isa = PBXBuildFile; fileRef = C34A290B1FBEC3D4008A8719 /* inputdataViewController.swift */; };
/* End PBXBuildFile section */

/* Begin PBXContainerItemProxy section */
		C34A28E91FBEBE2C008A8719 /* PBXContainerItemProxy */ = {
			isa = PBXContainerItemProxy;
			containerPortal = C34A28C91FBEBE2C008A8719 /* Project object */;
			proxyType = 1;
			remoteGlobalIDString = C34A28D01FBEBE2C008A8719;
			remoteInfo = "Hotel IOS App (RALAT) :V";
		};
		C34A28F41FBEBE2C008A8719 /* PBXContainerItemProxy */ = {
			isa = PBXContainerItemProxy;
			containerPortal = C34A28C91FBEBE2C008A8719 /* Project object */;
			proxyType = 1;
			remoteGlobalIDString = C34A28D01FBEBE2C008A8719;
			remoteInfo = "Hotel IOS App (RALAT) :V";
		};
/* End PBXContainerItemProxy section */

/* Begin PBXFileReference section */
		C34A28D11FBEBE2C008A8719 /* Hotel IOS App (RALAT) :V.app */ = {isa = PBXFileReference; explicitFileType = wrapper.application; includeInIndex = 0; path = "Hotel IOS App (RALAT) :V.app"; sourceTree = BUILT_PRODUCTS_DIR; };
		C34A28D41FBEBE2C008A8719 /* AppDelegate.swift */ = {isa = PBXFileReference; lastKnownFileType = sourcecode.swift; path = AppDelegate.swift; sourceTree = "<group>"; };
		C34A28D61FBEBE2C008A8719 /* ViewController.swift */ = {isa = PBXFileReference; lastKnownFileType = sourcecode.swift; path = ViewController.swift; sourceTree = "<group>"; };
		C34A28D91FBEBE2C008A8719 /* Base */ = {isa = PBXFileReference; lastKnownFileType = file.storyboard; name = Base; path = Base.lproj/Main.storyboard; sourceTree = "<group>"; };
		C34A28DC1FBEBE2C008A8719 /* Hotel_IOS_App__RALAT___V.xcdatamodel */ = {isa = PBXFileReference; lastKnownFileType = wrapper.xcdatamodel; path = "Hotel_IOS_App__RALAT___V.xcdatamodel"; sourceTree = "<group>"; };
		C34A28DE1FBEBE2C008A8719 /* Assets.xcassets */ = {isa = PBXFileReference; lastKnownFileType = folder.assetcatalog; path = Assets.xcassets; sourceTree = "<group>"; };
		C34A28E11FBEBE2C008A8719 /* Base */ = {isa = PBXFileReference; lastKnownFileType = file.storyboard; name = Base; path = Base.lproj/LaunchScreen.storyboard; sourceTree = "<group>"; };
		C34A28E31FBEBE2C008A8719 /* Info.plist */ = {isa = PBXFileReference; lastKnownFileType = text.plist.xml; path = Info.plist; sourceTree = "<group>"; };
		C34A28E81FBEBE2C008A8719 /* Hotel IOS App (RALAT) :VTests.xctest */ = {isa = PBXFileReference; explicitFileType = wrapper.cfbundle; includeInIndex = 0; path = "Hotel IOS App (RALAT) :VTests.xctest"; sourceTree = BUILT_PRODUCTS_DIR; };
		C34A28EC1FBEBE2C008A8719 /* Hotel_IOS_App__RALAT___VTests.swift */ = {isa = PBXFileReference; lastKnownFileType = sourcecode.swift; path = "Hotel_IOS_App__RALAT___VTests.swift"; sourceTree = "<group>"; };
		C34A28EE1FBEBE2C008A8719 /* Info.plist */ = {isa = PBXFileReference; lastKnownFileType = text.plist.xml; path = Info.plist; sourceTree = "<group>"; };
		C34A28F31FBEBE2C008A8719 /* Hotel IOS App (RALAT) :VUITests.xctest */ = {isa = PBXFileReference; explicitFileType = wrapper.cfbundle; includeInIndex = 0; path = "Hotel IOS App (RALAT) :VUITests.xctest"; sourceTree = BUILT_PRODUCTS_DIR; };
		C34A28F71FBEBE2C008A8719 /* Hotel_IOS_App__RALAT___VUITests.swift */ = {isa = PBXFileReference; lastKnownFileType = sourcecode.swift; path = "Hotel_IOS_App__RALAT___VUITests.swift"; sourceTree = "<group>"; };
		C34A28F91FBEBE2C008A8719 /* Info.plist */ = {isa = PBXFileReference; lastKnownFileType = text.plist.xml; path = Info.plist; sourceTree = "<group>"; };
		C34A29051FBEC386008A8719 /* hotelTableViewController.swift */ = {isa = PBXFileReference; lastKnownFileType = sourcecode.swift; path = hotelTableViewController.swift; sourceTree = "<group>"; };
		C34A29071FBEC394008A8719 /* hotelTableViewCell.swift */ = {isa = PBXFileReference; lastKnownFileType = sourcecode.swift; path = hotelTableViewCell.swift; sourceTree = "<group>"; };
		C34A29091FBEC3B9008A8719 /* detailViewController.swift */ = {isa = PBXFileReference; lastKnownFileType = sourcecode.swift; path = detailViewController.swift; sourceTree = "<group>"; };
		C34A290B1FBEC3D4008A8719 /* inputdataViewController.swift */ = {isa = PBXFileReference; lastKnownFileType = sourcecode.swift; path = inputdataViewController.swift; sourceTree = "<group>"; };
/* End PBXFileReference section */

/* Begin PBXFrameworksBuildPhase section */
		C34A28CE1FBEBE2C008A8719 /* Frameworks */ = {
			isa = PBXFrameworksBuildPhase;
			buildActionMask = 2147483647;
			files = (
			);
			runOnlyForDeploymentPostprocessing = 0;
		};
		C34A28E51FBEBE2C008A8719 /* Frameworks */ = {
			isa = PBXFrameworksBuildPhase;
			buildActionMask = 2147483647;
			files = (
			);
			runOnlyForDeploymentPostprocessing = 0;
		};
		C34A28F01FBEBE2C008A8719 /* Frameworks */ = {
			isa = PBXFrameworksBuildPhase;
			buildActionMask = 2147483647;
			files = (
			);
			runOnlyForDeploymentPostprocessing = 0;
		};
/* End PBXFrameworksBuildPhase section */

/* Begin PBXGroup section */
		C34A28C81FBEBE2C008A8719 = {
			isa = PBXGroup;
			children = (
				C34A28D31FBEBE2C008A8719 /* Hotel IOS App (RALAT) :V */,
				C34A28EB1FBEBE2C008A8719 /* Hotel IOS App (RALAT) :VTests */,
				C34A28F61FBEBE2C008A8719 /* Hotel IOS App (RALAT) :VUITests */,
				C34A28D21FBEBE2C008A8719 /* Products */,
			);
			sourceTree = "<group>";
		};
		C34A28D21FBEBE2C008A8719 /* Products */ = {
			isa = PBXGroup;
			children = (
				C34A28D11FBEBE2C008A8719 /* Hotel IOS App (RALAT) :V.app */,
				C34A28E81FBEBE2C008A8719 /* Hotel IOS App (RALAT) :VTests.xctest */,
				C34A28F31FBEBE2C008A8719 /* Hotel IOS App (RALAT) :VUITests.xctest */,
			);
			name = Products;
			sourceTree = "<group>";
		};
		C34A28D31FBEBE2C008A8719 /* Hotel IOS App (RALAT) :V */ = {
			isa = PBXGroup;
			children = (
				C34A28D41FBEBE2C008A8719 /* AppDelegate.swift */,
				C34A28D61FBEBE2C008A8719 /* ViewController.swift */,
				C34A29051FBEC386008A8719 /* hotelTableViewController.swift */,
				C34A29071FBEC394008A8719 /* hotelTableViewCell.swift */,
				C34A290B1FBEC3D4008A8719 /* inputdataViewController.swift */,
				C34A29091FBEC3B9008A8719 /* detailViewController.swift */,
				C34A28D81FBEBE2C008A8719 /* Main.storyboard */,
				C34A28DE1FBEBE2C008A8719 /* Assets.xcassets */,
				C34A28E01FBEBE2C008A8719 /* LaunchScreen.storyboard */,
				C34A28E31FBEBE2C008A8719 /* Info.plist */,
				C34A28DB1FBEBE2C008A8719 /* Hotel_IOS_App__RALAT___V.xcdatamodeld */,
			);
			path = "Hotel IOS App (RALAT) :V";
			sourceTree = "<group>";
		};
		C34A28EB1FBEBE2C008A8719 /* Hotel IOS App (RALAT) :VTests */ = {
			isa = PBXGroup;
			children = (
				C34A28EC1FBEBE2C008A8719 /* Hotel_IOS_App__RALAT___VTests.swift */,
				C34A28EE1FBEBE2C008A8719 /* Info.plist */,
			);
			path = "Hotel IOS App (RALAT) :VTests";
			sourceTree = "<group>";
		};
		C34A28F61FBEBE2C008A8719 /* Hotel IOS App (RALAT) :VUITests */ = {
			isa = PBXGroup;
			children = (
				C34A28F71FBEBE2C008A8719 /* Hotel_IOS_App__RALAT___VUITests.swift */,
				C34A28F91FBEBE2C008A8719 /* Info.plist */,
			);
			path = "Hotel IOS App (RALAT) :VUITests";
			sourceTree = "<group>";
		};
/* End PBXGroup section */

/* Begin PBXNativeTarget section */
		C34A28D01FBEBE2C008A8719 /* Hotel IOS App (RALAT) :V */ = {
			isa = PBXNativeTarget;
			buildConfigurationList = C34A28FC1FBEBE2C008A8719 /* Build configuration list for PBXNativeTarget "Hotel IOS App (RALAT) :V" */;
			buildPhases = (
				C34A28CD1FBEBE2C008A8719 /* Sources */,
				C34A28CE1FBEBE2C008A8719 /* Frameworks */,
				C34A28CF1FBEBE2C008A8719 /* Resources */,
			);
			buildRules = (
			);
			dependencies = (
			);
			name = "Hotel IOS App (RALAT) :V";
			productName = "Hotel IOS App (RALAT) :V";
			productReference = C34A28D11FBEBE2C008A8719 /* Hotel IOS App (RALAT) :V.app */;
			productType = "com.apple.product-type.application";
		};
		C34A28E71FBEBE2C008A8719 /* Hotel IOS App (RALAT) :VTests */ = {
			isa = PBXNativeTarget;
			buildConfigurationList = C34A28FF1FBEBE2C008A8719 /* Build configuration list for PBXNativeTarget "Hotel IOS App (RALAT) :VTests" */;
			buildPhases = (
				C34A28E41FBEBE2C008A8719 /* Sources */,
				C34A28E51FBEBE2C008A8719 /* Frameworks */,
				C34A28E61FBEBE2C008A8719 /* Resources */,
			);
			buildRules = (
			);
			dependencies = (
				C34A28EA1FBEBE2C008A8719 /* PBXTargetDependency */,
			);
			name = "Hotel IOS App (RALAT) :VTests";
			productName = "Hotel IOS App (RALAT) :VTests";
			productReference = C34A28E81FBEBE2C008A8719 /* Hotel IOS App (RALAT) :VTests.xctest */;
			productType = "com.apple.product-type.bundle.unit-test";
		};
		C34A28F21FBEBE2C008A8719 /* Hotel IOS App (RALAT) :VUITests */ = {
			isa = PBXNativeTarget;
			buildConfigurationList = C34A29021FBEBE2C008A8719 /* Build configuration list for PBXNativeTarget "Hotel IOS App (RALAT) :VUITests" */;
			buildPhases = (
				C34A28EF1FBEBE2C008A8719 /* Sources */,
				C34A28F01FBEBE2C008A8719 /* Frameworks */,
				C34A28F11FBEBE2C008A8719 /* Resources */,
			);
			buildRules = (
			);
			dependencies = (
				C34A28F51FBEBE2C008A8719 /* PBXTargetDependency */,
			);
			name = "Hotel IOS App (RALAT) :VUITests";
			productName = "Hotel IOS App (RALAT) :VUITests";
			productReference = C34A28F31FBEBE2C008A8719 /* Hotel IOS App (RALAT) :VUITests.xctest */;
			productType = "com.apple.product-type.bundle.ui-testing";
		};
/* End PBXNativeTarget section */

/* Begin PBXProject section */
		C34A28C91FBEBE2C008A8719 /* Project object */ = {
			isa = PBXProject;
			attributes = {
				LastSwiftUpdateCheck = 0900;
				LastUpgradeCheck = 0900;
				ORGANIZATIONNAME = "SMK IDN";
				TargetAttributes = {
					C34A28D01FBEBE2C008A8719 = {
						CreatedOnToolsVersion = 9.0;
						ProvisioningStyle = Automatic;
					};
					C34A28E71FBEBE2C008A8719 = {
						CreatedOnToolsVersion = 9.0;
						ProvisioningStyle = Automatic;
						TestTargetID = C34A28D01FBEBE2C008A8719;
					};
					C34A28F21FBEBE2C008A8719 = {
						CreatedOnToolsVersion = 9.0;
						ProvisioningStyle = Automatic;
						TestTargetID = C34A28D01FBEBE2C008A8719;
					};
				};
			};
			buildConfigurationList = C34A28CC1FBEBE2C008A8719 /* Build configuration list for PBXProject "Hotel IOS App (RALAT) :V" */;
			compatibilityVersion = "Xcode 8.0";
			developmentRegion = en;
			hasScannedForEncodings = 0;
			knownRegions = (
				en,
				Base,
			);
			mainGroup = C34A28C81FBEBE2C008A8719;
			productRefGroup = C34A28D21FBEBE2C008A8719 /* Products */;
			projectDirPath = "";
			projectRoot = "";
			targets = (
				C34A28D01FBEBE2C008A8719 /* Hotel IOS App (RALAT) :V */,
				C34A28E71FBEBE2C008A8719 /* Hotel IOS App (RALAT) :VTests */,
				C34A28F21FBEBE2C008A8719 /* Hotel IOS App (RALAT) :VUITests */,
			);
		};
/* End PBXProject section */

/* Begin PBXResourcesBuildPhase section */
		C34A28CF1FBEBE2C008A8719 /* Resources */ = {
			isa = PBXResourcesBuildPhase;
			buildActionMask = 2147483647;
			files = (
				C34A28E21FBEBE2C008A8719 /* LaunchScreen.storyboard in Resources */,
				C34A28DF1FBEBE2C008A8719 /* Assets.xcassets in Resources */,
				C34A28DA1FBEBE2C008A8719 /* Main.storyboard in Resources */,
			);
			runOnlyForDeploymentPostprocessing = 0;
		};
		C34A28E61FBEBE2C008A8719 /* Resources */ = {
			isa = PBXResourcesBuildPhase;
			buildActionMask = 2147483647;
			files = (
			);
			runOnlyForDeploymentPostprocessing = 0;
		};
		C34A28F11FBEBE2C008A8719 /* Resources */ = {
			isa = PBXResourcesBuildPhase;
			buildActionMask = 2147483647;
			files = (
			);
			runOnlyForDeploymentPostprocessing = 0;
		};
/* End PBXResourcesBuildPhase section */

/* Begin PBXSourcesBuildPhase section */
		C34A28CD1FBEBE2C008A8719 /* Sources */ = {
			isa = PBXSourcesBuildPhase;
			buildActionMask = 2147483647;
			files = (
				C34A29061FBEC386008A8719 /* hotelTableViewController.swift in Sources */,
				C34A28DD1FBEBE2C008A8719 /* Hotel_IOS_App__RALAT___V.xcdatamodeld in Sources */,
				C34A29081FBEC394008A8719 /* hotelTableViewCell.swift in Sources */,
				C34A28D71FBEBE2C008A8719 /* ViewController.swift in Sources */,
				C34A28D51FBEBE2C008A8719 /* AppDelegate.swift in Sources */,
				C34A290A1FBEC3B9008A8719 /* detailViewController.swift in Sources */,
				C34A290C1FBEC3D4008A8719 /* inputdataViewController.swift in Sources */,
			);
			runOnlyForDeploymentPostprocessing = 0;
		};
		C34A28E41FBEBE2C008A8719 /* Sources */ = {
			isa = PBXSourcesBuildPhase;
			buildActionMask = 2147483647;
			files = (
				C34A28ED1FBEBE2C008A8719 /* Hotel_IOS_App__RALAT___VTests.swift in Sources */,
			);
			runOnlyForDeploymentPostprocessing = 0;
		};
		C34A28EF1FBEBE2C008A8719 /* Sources */ = {
			isa = PBXSourcesBuildPhase;
			buildActionMask = 2147483647;
			files = (
				C34A28F81FBEBE2C008A8719 /* Hotel_IOS_App__RALAT___VUITests.swift in Sources */,
			);
			runOnlyForDeploymentPostprocessing = 0;
		};
/* End PBXSourcesBuildPhase section */

/* Begin PBXTargetDependency section */
		C34A28EA1FBEBE2C008A8719 /* PBXTargetDependency */ = {
			isa = PBXTargetDependency;
			target = C34A28D01FBEBE2C008A8719 /* Hotel IOS App (RALAT) :V */;
			targetProxy = C34A28E91FBEBE2C008A8719 /* PBXContainerItemProxy */;
		};
		C34A28F51FBEBE2C008A8719 /* PBXTargetDependency */ = {
			isa = PBXTargetDependency;
			target = C34A28D01FBEBE2C008A8719 /* Hotel IOS App (RALAT) :V */;
			targetProxy = C34A28F41FBEBE2C008A8719 /* PBXContainerItemProxy */;
		};
/* End PBXTargetDependency section */

/* Begin PBXVariantGroup section */
		C34A28D81FBEBE2C008A8719 /* Main.storyboard */ = {
			isa = PBXVariantGroup;
			children = (
				C34A28D91FBEBE2C008A8719 /* Base */,
			);
			name = Main.storyboard;
			sourceTree = "<group>";
		};
		C34A28E01FBEBE2C008A8719 /* LaunchScreen.storyboard */ = {
			isa = PBXVariantGroup;
			children = (
				C34A28E11FBEBE2C008A8719 /* Base */,
			);
			name = LaunchScreen.storyboard;
			sourceTree = "<group>";
		};
/* End PBXVariantGroup section */

/* Begin XCBuildConfiguration section */
		C34A28FA1FBEBE2C008A8719 /* Debug */ = {
			isa = XCBuildConfiguration;
			buildSettings = {
				ALWAYS_SEARCH_USER_PATHS = NO;
				CLANG_ANALYZER_NONNULL = YES;
				CLANG_ANALYZER_NUMBER_OBJECT_CONVERSION = YES_AGGRESSIVE;
				CLANG_CXX_LANGUAGE_STANDARD = "gnu++14";
				CLANG_CXX_LIBRARY = "libc++";
				CLANG_ENABLE_MODULES = YES;
				CLANG_ENABLE_OBJC_ARC = YES;
				CLANG_WARN_BLOCK_CAPTURE_AUTORELEASING = YES;
				CLANG_WARN_BOOL_CONVERSION = YES;
				CLANG_WARN_COMMA = YES;
				CLANG_WARN_CONSTANT_CONVERSION = YES;
				CLANG_WARN_DIRECT_OBJC_ISA_USAGE = YES_ERROR;
				CLANG_WARN_DOCUMENTATION_COMMENTS = YES;
				CLANG_WARN_EMPTY_BODY = YES;
				CLANG_WARN_ENUM_CONVERSION = YES;
				CLANG_WARN_INFINITE_RECURSION = YES;
				CLANG_WARN_INT_CONVERSION = YES;
				CLANG_WARN_NON_LITERAL_NULL_CONVERSION = YES;
				CLANG_WARN_OBJC_LITERAL_CONVERSION = YES;
				CLANG_WARN_OBJC_ROOT_CLASS = YES_ERROR;
				CLANG_WARN_RANGE_LOOP_ANALYSIS = YES;
				CLANG_WARN_STRICT_PROTOTYPES = YES;
				CLANG_WARN_SUSPICIOUS_MOVE = YES;
				CLANG_WARN_UNGUARDED_AVAILABILITY = YES_AGGRESSIVE;
				CLANG_WARN_UNREACHABLE_CODE = YES;
				CLANG_WARN__DUPLICATE_METHOD_MATCH = YES;
				CODE_SIGN_IDENTITY = "iPhone Developer";
				COPY_PHASE_STRIP = NO;
				DEBUG_INFORMATION_FORMAT = dwarf;
				ENABLE_STRICT_OBJC_MSGSEND = YES;
				ENABLE_TESTABILITY = YES;
				GCC_C_LANGUAGE_STANDARD = gnu11;
				GCC_DYNAMIC_NO_PIC = NO;
				GCC_NO_COMMON_BLOCKS = YES;
				GCC_OPTIMIZATION_LEVEL = 0;
				GCC_PREPROCESSOR_DEFINITIONS = (
					"DEBUG=1",
					"$(inherited)",
				);
				GCC_WARN_64_TO_32_BIT_CONVERSION = YES;
				GCC_WARN_ABOUT_RETURN_TYPE = YES_ERROR;
				GCC_WARN_UNDECLARED_SELECTOR = YES;
				GCC_WARN_UNINITIALIZED_AUTOS = YES_AGGRESSIVE;
				GCC_WARN_UNUSED_FUNCTION = YES;
				GCC_WARN_UNUSED_VARIABLE = YES;
				IPHONEOS_DEPLOYMENT_TARGET = 11.0;
				MTL_ENABLE_DEBUG_INFO = YES;
				ONLY_ACTIVE_ARCH = YES;
				SDKROOT = iphoneos;
				SWIFT_ACTIVE_COMPILATION_CONDITIONS = DEBUG;
				SWIFT_OPTIMIZATION_LEVEL = "-Onone";
			};
			name = Debug;
		};
		C34A28FB1FBEBE2C008A8719 /* Release */ = {
			isa = XCBuildConfiguration;
			buildSettings = {
				ALWAYS_SEARCH_USER_PATHS = NO;
				CLANG_ANALYZER_NONNULL = YES;
				CLANG_ANALYZER_NUMBER_OBJECT_CONVERSION = YES_AGGRESSIVE;
				CLANG_CXX_LANGUAGE_STANDARD = "gnu++14";
				CLANG_CXX_LIBRARY = "libc++";
				CLANG_ENABLE_MODULES = YES;
				CLANG_ENABLE_OBJC_ARC = YES;
				CLANG_WARN_BLOCK_CAPTURE_AUTORELEASING = YES;
				CLANG_WARN_BOOL_CONVERSION = YES;
				CLANG_WARN_COMMA = YES;
				CLANG_WARN_CONSTANT_CONVERSION = YES;
				CLANG_WARN_DIRECT_OBJC_ISA_USAGE = YES_ERROR;
				CLANG_WARN_DOCUMENTATION_COMMENTS = YES;
				CLANG_WARN_EMPTY_BODY = YES;
				CLANG_WARN_ENUM_CONVERSION = YES;
				CLANG_WARN_INFINITE_RECURSION = YES;
				CLANG_WARN_INT_CONVERSION = YES;
				CLANG_WARN_NON_LITERAL_NULL_CONVERSION = YES;
				CLANG_WARN_OBJC_LITERAL_CONVERSION = YES;
				CLANG_WARN_OBJC_ROOT_CLASS = YES_ERROR;
				CLANG_WARN_RANGE_LOOP_ANALYSIS = YES;
				CLANG_WARN_STRICT_PROTOTYPES = YES;
				CLANG_WARN_SUSPICIOUS_MOVE = YES;
				CLANG_WARN_UNGUARDED_AVAILABILITY = YES_AGGRESSIVE;
				CLANG_WARN_UNREACHABLE_CODE = YES;
				CLANG_WARN__DUPLICATE_METHOD_MATCH = YES;
				CODE_SIGN_IDENTITY = "iPhone Developer";
				COPY_PHASE_STRIP = NO;
				DEBUG_INFORMATION_FORMAT = "dwarf-with-dsym";
				ENABLE_NS_ASSERTIONS = NO;
				ENABLE_STRICT_OBJC_MSGSEND = YES;
				GCC_C_LANGUAGE_STANDARD = gnu11;
				GCC_NO_COMMON_BLOCKS = YES;
				GCC_WARN_64_TO_32_BIT_CONVERSION = YES;
				GCC_WARN_ABOUT_RETURN_TYPE = YES_ERROR;
				GCC_WARN_UNDECLARED_SELECTOR = YES;
				GCC_WARN_UNINITIALIZED_AUTOS = YES_AGGRESSIVE;
				GCC_WARN_UNUSED_FUNCTION = YES;
				GCC_WARN_UNUSED_VARIABLE = YES;
				IPHONEOS_DEPLOYMENT_TARGET = 11.0;
				MTL_ENABLE_DEBUG_INFO = NO;
				SDKROOT = iphoneos;
				SWIFT_OPTIMIZATION_LEVEL = "-Owholemodule";
				VALIDATE_PRODUCT = YES;
			};
			name = Release;
		};
		C34A28FD1FBEBE2C008A8719 /* Debug */ = {
			isa = XCBuildConfiguration;
			buildSettings = {
				ASSETCATALOG_COMPILER_APPICON_NAME = AppIcon;
				CODE_SIGN_STYLE = Automatic;
				INFOPLIST_FILE = "Hotel IOS App (RALAT) :V/Info.plist";
				LD_RUNPATH_SEARCH_PATHS = "$(inherited) @executable_path/Frameworks";
				PRODUCT_BUNDLE_IDENTIFIER = "MI.Hotel-IOS-App--RALAT---V";
				PRODUCT_NAME = "$(TARGET_NAME)";
				SWIFT_VERSION = 4.0;
				TARGETED_DEVICE_FAMILY = "1,2";
			};
			name = Debug;
		};
		C34A28FE1FBEBE2C008A8719 /* Release */ = {
			isa = XCBuildConfiguration;
			buildSettings = {
				ASSETCATALOG_COMPILER_APPICON_NAME = AppIcon;
				CODE_SIGN_STYLE = Automatic;
				INFOPLIST_FILE = "Hotel IOS App (RALAT) :V/Info.plist";
				LD_RUNPATH_SEARCH_PATHS = "$(inherited) @executable_path/Frameworks";
				PRODUCT_BUNDLE_IDENTIFIER = "MI.Hotel-IOS-App--RALAT---V";
				PRODUCT_NAME = "$(TARGET_NAME)";
				SWIFT_VERSION = 4.0;
				TARGETED_DEVICE_FAMILY = "1,2";
			};
			name = Release;
		};
		C34A29001FBEBE2C008A8719 /* Debug */ = {
			isa = XCBuildConfiguration;
			buildSettings = {
				ALWAYS_EMBED_SWIFT_STANDARD_LIBRARIES = YES;
				BUNDLE_LOADER = "$(TEST_HOST)";
				CODE_SIGN_STYLE = Automatic;
				INFOPLIST_FILE = "Hotel IOS App (RALAT) :VTests/Info.plist";
				LD_RUNPATH_SEARCH_PATHS = "$(inherited) @executable_path/Frameworks @loader_path/Frameworks";
				PRODUCT_BUNDLE_IDENTIFIER = "MI.Hotel-IOS-App--RALAT---VTests";
				PRODUCT_NAME = "$(TARGET_NAME)";
				SWIFT_VERSION = 4.0;
				TARGETED_DEVICE_FAMILY = "1,2";
				TEST_HOST = "$(BUILT_PRODUCTS_DIR)/Hotel IOS App (RALAT) :V.app/Hotel IOS App (RALAT) :V";
			};
			name = Debug;
		};
		C34A29011FBEBE2C008A8719 /* Release */ = {
			isa = XCBuildConfiguration;
			buildSettings = {
				ALWAYS_EMBED_SWIFT_STANDARD_LIBRARIES = YES;
				BUNDLE_LOADER = "$(TEST_HOST)";
				CODE_SIGN_STYLE = Automatic;
				INFOPLIST_FILE = "Hotel IOS App (RALAT) :VTests/Info.plist";
				LD_RUNPATH_SEARCH_PATHS = "$(inherited) @executable_path/Frameworks @loader_path/Frameworks";
				PRODUCT_BUNDLE_IDENTIFIER = "MI.Hotel-IOS-App--RALAT---VTests";
				PRODUCT_NAME = "$(TARGET_NAME)";
				SWIFT_VERSION = 4.0;
				TARGETED_DEVICE_FAMILY = "1,2";
				TEST_HOST = "$(BUILT_PRODUCTS_DIR)/Hotel IOS App (RALAT) :V.app/Hotel IOS App (RALAT) :V";
			};
			name = Release;
		};
		C34A29031FBEBE2C008A8719 /* Debug */ = {
			isa = XCBuildConfiguration;
			buildSettings = {
				ALWAYS_EMBED_SWIFT_STANDARD_LIBRARIES = YES;
				CODE_SIGN_STYLE = Automatic;
				INFOPLIST_FILE = "Hotel IOS App (RALAT) :VUITests/Info.plist";
				LD_RUNPATH_SEARCH_PATHS = "$(inherited) @executable_path/Frameworks @loader_path/Frameworks";
				PRODUCT_BUNDLE_IDENTIFIER = "MI.Hotel-IOS-App--RALAT---VUITests";
				PRODUCT_NAME = "$(TARGET_NAME)";
				SWIFT_VERSION = 4.0;
				TARGETED_DEVICE_FAMILY = "1,2";
				TEST_TARGET_NAME = "Hotel IOS App (RALAT) :V";
			};
			name = Debug;
		};
		C34A29041FBEBE2C008A8719 /* Release */ = {
			isa = XCBuildConfiguration;
			buildSettings = {
				ALWAYS_EMBED_SWIFT_STANDARD_LIBRARIES = YES;
				CODE_SIGN_STYLE = Automatic;
				INFOPLIST_FILE = "Hotel IOS App (RALAT) :VUITests/Info.plist";
				LD_RUNPATH_SEARCH_PATHS = "$(inherited) @executable_path/Frameworks @loader_path/Frameworks";
				PRODUCT_BUNDLE_IDENTIFIER = "MI.Hotel-IOS-App--RALAT---VUITests";
				PRODUCT_NAME = "$(TARGET_NAME)";
				SWIFT_VERSION = 4.0;
				TARGETED_DEVICE_FAMILY = "1,2";
				TEST_TARGET_NAME = "Hotel IOS App (RALAT) :V";
			};
			name = Release;
		};
/* End XCBuildConfiguration section */

/* Begin XCConfigurationList section */
		C34A28CC1FBEBE2C008A8719 /* Build configuration list for PBXProject "Hotel IOS App (RALAT) :V" */ = {
			isa = XCConfigurationList;
			buildConfigurations = (
				C34A28FA1FBEBE2C008A8719 /* Debug */,
				C34A28FB1FBEBE2C008A8719 /* Release */,
			);
			defaultConfigurationIsVisible = 0;
			defaultConfigurationName = Release;
		};
		C34A28FC1FBEBE2C008A8719 /* Build configuration list for PBXNativeTarget "Hotel IOS App (RALAT) :V" */ = {
			isa = XCConfigurationList;
			buildConfigurations = (
				C34A28FD1FBEBE2C008A8719 /* Debug */,
				C34A28FE1FBEBE2C008A8719 /* Release */,
			);
			defaultConfigurationIsVisible = 0;
			defaultConfigurationName = Release;
		};
		C34A28FF1FBEBE2C008A8719 /* Build configuration list for PBXNativeTarget "Hotel IOS App (RALAT) :VTests" */ = {
			isa = XCConfigurationList;
			buildConfigurations = (
				C34A29001FBEBE2C008A8719 /* Debug */,
				C34A29011FBEBE2C008A8719 /* Release */,
			);
			defaultConfigurationIsVisible = 0;
			defaultConfigurationName = Release;
		};
		C34A29021FBEBE2C008A8719 /* Build configuration list for PBXNativeTarget "Hotel IOS App (RALAT) :VUITests" */ = {
			isa = XCConfigurationList;
			buildConfigurations = (
				C34A29031FBEBE2C008A8719 /* Debug */,
				C34A29041FBEBE2C008A8719 /* Release */,
			);
			defaultConfigurationIsVisible = 0;
			defaultConfigurationName = Release;
		};
/* End XCConfigurationList section */

/* Begin XCVersionGroup section */
		C34A28DB1FBEBE2C008A8719 /* Hotel_IOS_App__RALAT___V.xcdatamodeld */ = {
			isa = XCVersionGroup;
			children = (
				C34A28DC1FBEBE2C008A8719 /* Hotel_IOS_App__RALAT___V.xcdatamodel */,
			);
			currentVersion = C34A28DC1FBEBE2C008A8719 /* Hotel_IOS_App__RALAT___V.xcdatamodel */;
			path = "Hotel_IOS_App__RALAT___V.xcdatamodeld";
			sourceTree = "<group>";
			versionGroupType = wrapper.xcdatamodel;
		};
/* End XCVersionGroup section */
	};
	rootObject = C34A28C91FBEBE2C008A8719 /* Project object */;
}
